
Microsoft Visual Studio Solution File, Format Version 12.00
# Visual Studio Version 17
VisualStudioVersion = 17.2.32516.85
MinimumVisualStudioVersion = 10.0.40219.1
Project("{9A19103F-16F7-4668-BE54-9A1E7A4F7556}") = "TypeODesktop", "TypeODesktop\TypeODesktop.csproj", "{FE5C58C5-7FD8-4344-B49C-C3B4D193A4DD}"
EndProject
Project("{9A19103F-16F7-4668-BE54-9A1E7A4F7556}") = "TypeODesktopTest", "TypeODesktopTest\TypeODesktopTest.csproj", "{26D77DD1-9A01-4285-A407-11522D3FB784}"
EndProject
Global
	GlobalSection(SolutionConfigurationPlatforms) = preSolution
		Debug|Any CPU = Debug|Any CPU
		Release|Any CPU = Release|Any CPU
	EndGlobalSection
	GlobalSection(ProjectConfigurationPlatforms) = postSolution
		{FE5C58C5-7FD8-4344-B49C-C3B4D193A4DD}.Debug|Any CPU.ActiveCfg = Debug|Any CPU
		{FE5C58C5-7FD8-4344-B49C-C3B4D193A4DD}.Debug|Any CPU.Build.0 = Debug|Any CPU
		{FE5C58C5-7FD8-4344-B49C-C3B4D193A4DD}.Release|Any CPU.ActiveCfg = Release|Any CPU
		{FE5C58C5-7FD8-4344-B49C-C3B4D193A4DD}.Release|Any CPU.Build.0 = Release|Any CPU
		{26D77DD1-9A01-4285-A407-11522D3FB784}.Debug|Any CPU.ActiveCfg = Debug|Any CPU
		{26D77DD1-9A01-4285-A407-11522D3FB784}.Debug|Any CPU.Build.0 = Debug|Any CPU
		{26D77DD1-9A01-4285-A407-11522D3FB784}.Release|Any CPU.ActiveCfg = Release|Any CPU
		{26D77DD1-9A01-4285-A407-11522D3FB784}.Release|Any CPU.Build.0 = Release|Any CPU
	EndGlobalSection
	GlobalSection(SolutionProperties) = preSolution
		HideSolutionNode = FALSE
	EndGlobalSection
	GlobalSection(ExtensibilityGlobals) = postSolution
		SolutionGuid = {F40144F2-3C1D-4090-8C3B-3620253670E3}
	EndGlobalSection
EndGlobal
